
Microsoft Visual Studio Solution File, Format Version 12.00
# Visual Studio 15
VisualStudioVersion = 15.0.28307.421
MinimumVisualStudioVersion = 10.0.40219.1
Project("{9A19103F-16F7-4668-BE54-9A1E7A4F7556}") = "SharpTracer.Core", "SharpTracer.Core\SharpTracer.Core.csproj", "{97C66BBA-6EF0-4E63-9D6A-C205A711E1EE}"
EndProject
Project("{9A19103F-16F7-4668-BE54-9A1E7A4F7556}") = "SharpTracer.Extensions", "SharpTracer.Extensions\SharpTracer.Extensions.csproj", "{5B6FC6A0-0314-4517-BFE0-F3E129BC7149}"
EndProject
Project("{9A19103F-16F7-4668-BE54-9A1E7A4F7556}") = "SharpTracer.Abstractions", "SharpTracer.Abstractions\SharpTracer.Abstractions.csproj", "{175C608D-913B-4ADE-A390-707AC553E39D}"
EndProject
Global
	GlobalSection(SolutionConfigurationPlatforms) = preSolution
		Debug|Any CPU = Debug|Any CPU
		Release|Any CPU = Release|Any CPU
	EndGlobalSection
	GlobalSection(ProjectConfigurationPlatforms) = postSolution
		{97C66BBA-6EF0-4E63-9D6A-C205A711E1EE}.Debug|Any CPU.ActiveCfg = Debug|Any CPU
		{97C66BBA-6EF0-4E63-9D6A-C205A711E1EE}.Debug|Any CPU.Build.0 = Debug|Any CPU
		{97C66BBA-6EF0-4E63-9D6A-C205A711E1EE}.Release|Any CPU.ActiveCfg = Release|Any CPU
		{97C66BBA-6EF0-4E63-9D6A-C205A711E1EE}.Release|Any CPU.Build.0 = Release|Any CPU
		{5B6FC6A0-0314-4517-BFE0-F3E129BC7149}.Debug|Any CPU.ActiveCfg = Debug|Any CPU
		{5B6FC6A0-0314-4517-BFE0-F3E129BC7149}.Debug|Any CPU.Build.0 = Debug|Any CPU
		{5B6FC6A0-0314-4517-BFE0-F3E129BC7149}.Release|Any CPU.ActiveCfg = Release|Any CPU
		{5B6FC6A0-0314-4517-BFE0-F3E129BC7149}.Release|Any CPU.Build.0 = Release|Any CPU
		{175C608D-913B-4ADE-A390-707AC553E39D}.Debug|Any CPU.ActiveCfg = Debug|Any CPU
		{175C608D-913B-4ADE-A390-707AC553E39D}.Debug|Any CPU.Build.0 = Debug|Any CPU
		{175C608D-913B-4ADE-A390-707AC553E39D}.Release|Any CPU.ActiveCfg = Release|Any CPU
		{175C608D-913B-4ADE-A390-707AC553E39D}.Release|Any CPU.Build.0 = Release|Any CPU
	EndGlobalSection
	GlobalSection(SolutionProperties) = preSolution
		HideSolutionNode = FALSE
	EndGlobalSection
	GlobalSection(ExtensibilityGlobals) = postSolution
		SolutionGuid = {17ADEB51-82BB-4C91-B315-B2AFC6BC41A1}
	EndGlobalSection
EndGlobal
